
Microsoft Visual Studio Solution File, Format Version 12.00
# Visual Studio Version 16
VisualStudioVersion = 16.0.30320.27
MinimumVisualStudioVersion = 10.0.40219.1
Project("{2150E333-8FDC-42A3-9474-1A3956D46DE8}") = "000 - Documentation", "000 - Documentation", "{18CF20FD-A64D-462C-9A27-6BF57E606865}"
	ProjectSection(SolutionItems) = preProject
		README.md = README.md
	EndProjectSection
EndProject
Project("{2150E333-8FDC-42A3-9474-1A3956D46DE8}") = "007 - Diagonal Difference", "007 - Diagonal Difference", "{16B1BCE2-8337-496C-BC81-61385F95A5A5}"
EndProject
Project("{FAE04EC0-301F-11D3-BF4B-00C04F79EFBC}") = "DiagonalDifference", "src\DiagonalDifference\DiagonalDifference.csproj", "{A340854B-A66A-4146-942D-1B890B6AC94E}"
EndProject
Project("{2150E333-8FDC-42A3-9474-1A3956D46DE8}") = "008 - Plus Minus", "008 - Plus Minus", "{7B515FED-AECC-46A0-B1D1-B7E792EB2321}"
EndProject
Project("{FAE04EC0-301F-11D3-BF4B-00C04F79EFBC}") = "PlusMinus", "src\PlusMinus\PlusMinus.csproj", "{46C35B6B-175E-496B-A27A-94A24B3D4C78}"
EndProject
Project("{9A19103F-16F7-4668-BE54-9A1E7A4F7556}") = "Hackerrank.ConsoleApp", "src\Hackerrank.ConsoleApp\Hackerrank.ConsoleApp.csproj", "{46137BDF-99BC-4549-91BC-6232870A4A0A}"
EndProject
Project("{9A19103F-16F7-4668-BE54-9A1E7A4F7556}") = "Hackerrank.Tests", "tests\Hackerrank.Tests\Hackerrank.Tests.csproj", "{7CDEDF9F-1465-4AA7-9399-7DF2585531F7}"
EndProject
Global
	GlobalSection(SolutionConfigurationPlatforms) = preSolution
		Debug|Any CPU = Debug|Any CPU
		Release|Any CPU = Release|Any CPU
	EndGlobalSection
	GlobalSection(ProjectConfigurationPlatforms) = postSolution
		{A340854B-A66A-4146-942D-1B890B6AC94E}.Debug|Any CPU.ActiveCfg = Debug|Any CPU
		{A340854B-A66A-4146-942D-1B890B6AC94E}.Debug|Any CPU.Build.0 = Debug|Any CPU
		{A340854B-A66A-4146-942D-1B890B6AC94E}.Release|Any CPU.ActiveCfg = Release|Any CPU
		{A340854B-A66A-4146-942D-1B890B6AC94E}.Release|Any CPU.Build.0 = Release|Any CPU
		{46C35B6B-175E-496B-A27A-94A24B3D4C78}.Debug|Any CPU.ActiveCfg = Debug|Any CPU
		{46C35B6B-175E-496B-A27A-94A24B3D4C78}.Debug|Any CPU.Build.0 = Debug|Any CPU
		{46C35B6B-175E-496B-A27A-94A24B3D4C78}.Release|Any CPU.ActiveCfg = Release|Any CPU
		{46C35B6B-175E-496B-A27A-94A24B3D4C78}.Release|Any CPU.Build.0 = Release|Any CPU
		{46137BDF-99BC-4549-91BC-6232870A4A0A}.Debug|Any CPU.ActiveCfg = Debug|Any CPU
		{46137BDF-99BC-4549-91BC-6232870A4A0A}.Debug|Any CPU.Build.0 = Debug|Any CPU
		{46137BDF-99BC-4549-91BC-6232870A4A0A}.Release|Any CPU.ActiveCfg = Release|Any CPU
		{46137BDF-99BC-4549-91BC-6232870A4A0A}.Release|Any CPU.Build.0 = Release|Any CPU
		{7CDEDF9F-1465-4AA7-9399-7DF2585531F7}.Debug|Any CPU.ActiveCfg = Debug|Any CPU
		{7CDEDF9F-1465-4AA7-9399-7DF2585531F7}.Debug|Any CPU.Build.0 = Debug|Any CPU
		{7CDEDF9F-1465-4AA7-9399-7DF2585531F7}.Release|Any CPU.ActiveCfg = Release|Any CPU
		{7CDEDF9F-1465-4AA7-9399-7DF2585531F7}.Release|Any CPU.Build.0 = Release|Any CPU
	EndGlobalSection
	GlobalSection(SolutionProperties) = preSolution
		HideSolutionNode = FALSE
	EndGlobalSection
	GlobalSection(NestedProjects) = preSolution
		{A340854B-A66A-4146-942D-1B890B6AC94E} = {16B1BCE2-8337-496C-BC81-61385F95A5A5}
		{46C35B6B-175E-496B-A27A-94A24B3D4C78} = {7B515FED-AECC-46A0-B1D1-B7E792EB2321}
	EndGlobalSection
	GlobalSection(ExtensibilityGlobals) = postSolution
		SolutionGuid = {431407F2-AA05-4715-8710-235D3D73681B}
	EndGlobalSection
EndGlobal
